
Microsoft Visual Studio Solution File, Format Version 12.00
# Visual Studio 2017
Project("{FAE04EC0-301F-11D3-BF4B-00C04F79EFBC}") = "FinalDaegu.Plugins", "FinalDaegu.Plugins.csproj", "{0983D144-3A7E-04B8-0872-541AC32A617B}"
EndProject
Project("{FAE04EC0-301F-11D3-BF4B-00C04F79EFBC}") = "FinalDaegu", "FinalDaegu.csproj", "{147EDB39-33FB-2D3C-A6C2-BE7976A6E425}"
EndProject
Global
	GlobalSection(SolutionConfigurationPlatforms) = preSolution
		Debug|Any CPU = Debug|Any CPU
		Release|Any CPU = Release|Any CPU
	EndGlobalSection
	GlobalSection(ProjectConfigurationPlatforms) = postSolution
		{0983D144-3A7E-04B8-0872-541AC32A617B}.Debug|Any CPU.ActiveCfg = Debug|Any CPU
		{0983D144-3A7E-04B8-0872-541AC32A617B}.Debug|Any CPU.Build.0 = Debug|Any CPU
		{0983D144-3A7E-04B8-0872-541AC32A617B}.Release|Any CPU.ActiveCfg = Release|Any CPU
		{0983D144-3A7E-04B8-0872-541AC32A617B}.Release|Any CPU.Build.0 = Release|Any CPU
		{147EDB39-33FB-2D3C-A6C2-BE7976A6E425}.Debug|Any CPU.ActiveCfg = Debug|Any CPU
		{147EDB39-33FB-2D3C-A6C2-BE7976A6E425}.Debug|Any CPU.Build.0 = Debug|Any CPU
		{147EDB39-33FB-2D3C-A6C2-BE7976A6E425}.Release|Any CPU.ActiveCfg = Release|Any CPU
		{147EDB39-33FB-2D3C-A6C2-BE7976A6E425}.Release|Any CPU.Build.0 = Release|Any CPU
	EndGlobalSection
	GlobalSection(SolutionProperties) = preSolution
		HideSolutionNode = FALSE
	EndGlobalSection
EndGlobal
